
Microsoft Visual Studio Solution File, Format Version 12.00
# Visual Studio Version 17
VisualStudioVersion = 17.2.32616.157
MinimumVisualStudioVersion = 10.0.40219.1
Project("{FAE04EC0-301F-11D3-BF4B-00C04F79EFBC}") = "Checkout.Service", "Checkout.Service\Checkout.Service.csproj", "{EF085A4E-77B0-4BE5-8243-EC8E64CE90A5}"
EndProject
Project("{FAE04EC0-301F-11D3-BF4B-00C04F79EFBC}") = "Checkout.Service.Tests", "Checkout.Service.Tests\Checkout.Service.Tests.csproj", "{8BF63C18-5182-414E-B681-7D0C2BEC51FA}"
EndProject
Global
	GlobalSection(SolutionConfigurationPlatforms) = preSolution
		Debug|Any CPU = Debug|Any CPU
		Release|Any CPU = Release|Any CPU
	EndGlobalSection
	GlobalSection(ProjectConfigurationPlatforms) = postSolution
		{EF085A4E-77B0-4BE5-8243-EC8E64CE90A5}.Debug|Any CPU.ActiveCfg = Debug|Any CPU
		{EF085A4E-77B0-4BE5-8243-EC8E64CE90A5}.Debug|Any CPU.Build.0 = Debug|Any CPU
		{EF085A4E-77B0-4BE5-8243-EC8E64CE90A5}.Release|Any CPU.ActiveCfg = Release|Any CPU
		{EF085A4E-77B0-4BE5-8243-EC8E64CE90A5}.Release|Any CPU.Build.0 = Release|Any CPU
		{8BF63C18-5182-414E-B681-7D0C2BEC51FA}.Debug|Any CPU.ActiveCfg = Debug|Any CPU
		{8BF63C18-5182-414E-B681-7D0C2BEC51FA}.Debug|Any CPU.Build.0 = Debug|Any CPU
		{8BF63C18-5182-414E-B681-7D0C2BEC51FA}.Release|Any CPU.ActiveCfg = Release|Any CPU
		{8BF63C18-5182-414E-B681-7D0C2BEC51FA}.Release|Any CPU.Build.0 = Release|Any CPU
	EndGlobalSection
	GlobalSection(SolutionProperties) = preSolution
		HideSolutionNode = FALSE
	EndGlobalSection
	GlobalSection(ExtensibilityGlobals) = postSolution
		SolutionGuid = {73166BA9-3A7B-46F3-A2F0-0406C71368E7}
	EndGlobalSection
EndGlobal
